
Microsoft Visual Studio Solution File, Format Version 12.00
# Visual Studio Version 17
VisualStudioVersion = 17.3.32811.315
MinimumVisualStudioVersion = 10.0.40219.1
Project("{2150E333-8FDC-42A3-9474-1A3956D46DE8}") = "src", "src", "{827E0CD3-B72D-47B6-A68D-7590B98EB39B}"
EndProject
Project("{F2A71F9B-5D33-465A-A702-920D77279786}") = "Hywe.Core", "src\Hywe.Core\Hywe.Core.fsproj", "{64A09847-BADE-4FA4-8198-CF50A5B0FA56}"
EndProject
Project("{F2A71F9B-5D33-465A-A702-920D77279786}") = "Hywe.Web", "src\Hywe.Web\Hywe.Web.fsproj", "{D32CE0B9-D611-4BE0-9E93-B9D3F82CF50C}"
EndProject
Project("{F2A71F9B-5D33-465A-A702-920D77279786}") = "Hywe.Tree", "src\Hywe.Tree\Hywe.Tree.fsproj", "{F6D7710D-D117-4F29-B724-139544F7DFDB}"
EndProject
Project("{F2A71F9B-5D33-465A-A702-920D77279786}") = "Hywe.Site", "src\Hywe.Site\Hywe.Site.fsproj", "{91963F9D-237C-413F-96CD-38F75117ED4E}"
EndProject
Global
	GlobalSection(SolutionConfigurationPlatforms) = preSolution
		Debug|Any CPU = Debug|Any CPU
		Debug|x64 = Debug|x64
		Debug|x86 = Debug|x86
		Release|Any CPU = Release|Any CPU
		Release|x64 = Release|x64
		Release|x86 = Release|x86
	EndGlobalSection
	GlobalSection(ProjectConfigurationPlatforms) = postSolution
		{64A09847-BADE-4FA4-8198-CF50A5B0FA56}.Debug|Any CPU.ActiveCfg = Debug|Any CPU
		{64A09847-BADE-4FA4-8198-CF50A5B0FA56}.Debug|Any CPU.Build.0 = Debug|Any CPU
		{64A09847-BADE-4FA4-8198-CF50A5B0FA56}.Debug|x64.ActiveCfg = Debug|Any CPU
		{64A09847-BADE-4FA4-8198-CF50A5B0FA56}.Debug|x64.Build.0 = Debug|Any CPU
		{64A09847-BADE-4FA4-8198-CF50A5B0FA56}.Debug|x86.ActiveCfg = Debug|Any CPU
		{64A09847-BADE-4FA4-8198-CF50A5B0FA56}.Debug|x86.Build.0 = Debug|Any CPU
		{64A09847-BADE-4FA4-8198-CF50A5B0FA56}.Release|Any CPU.ActiveCfg = Release|Any CPU
		{64A09847-BADE-4FA4-8198-CF50A5B0FA56}.Release|Any CPU.Build.0 = Release|Any CPU
		{64A09847-BADE-4FA4-8198-CF50A5B0FA56}.Release|x64.ActiveCfg = Release|Any CPU
		{64A09847-BADE-4FA4-8198-CF50A5B0FA56}.Release|x64.Build.0 = Release|Any CPU
		{64A09847-BADE-4FA4-8198-CF50A5B0FA56}.Release|x86.ActiveCfg = Release|Any CPU
		{64A09847-BADE-4FA4-8198-CF50A5B0FA56}.Release|x86.Build.0 = Release|Any CPU
		{D32CE0B9-D611-4BE0-9E93-B9D3F82CF50C}.Debug|Any CPU.ActiveCfg = Debug|Any CPU
		{D32CE0B9-D611-4BE0-9E93-B9D3F82CF50C}.Debug|Any CPU.Build.0 = Debug|Any CPU
		{D32CE0B9-D611-4BE0-9E93-B9D3F82CF50C}.Debug|x64.ActiveCfg = Debug|Any CPU
		{D32CE0B9-D611-4BE0-9E93-B9D3F82CF50C}.Debug|x64.Build.0 = Debug|Any CPU
		{D32CE0B9-D611-4BE0-9E93-B9D3F82CF50C}.Debug|x86.ActiveCfg = Debug|Any CPU
		{D32CE0B9-D611-4BE0-9E93-B9D3F82CF50C}.Debug|x86.Build.0 = Debug|Any CPU
		{D32CE0B9-D611-4BE0-9E93-B9D3F82CF50C}.Release|Any CPU.ActiveCfg = Release|Any CPU
		{D32CE0B9-D611-4BE0-9E93-B9D3F82CF50C}.Release|Any CPU.Build.0 = Release|Any CPU
		{D32CE0B9-D611-4BE0-9E93-B9D3F82CF50C}.Release|x64.ActiveCfg = Release|Any CPU
		{D32CE0B9-D611-4BE0-9E93-B9D3F82CF50C}.Release|x64.Build.0 = Release|Any CPU
		{D32CE0B9-D611-4BE0-9E93-B9D3F82CF50C}.Release|x86.ActiveCfg = Release|Any CPU
		{D32CE0B9-D611-4BE0-9E93-B9D3F82CF50C}.Release|x86.Build.0 = Release|Any CPU
		{F6D7710D-D117-4F29-B724-139544F7DFDB}.Debug|Any CPU.ActiveCfg = Debug|Any CPU
		{F6D7710D-D117-4F29-B724-139544F7DFDB}.Debug|Any CPU.Build.0 = Debug|Any CPU
		{F6D7710D-D117-4F29-B724-139544F7DFDB}.Debug|x64.ActiveCfg = Debug|Any CPU
		{F6D7710D-D117-4F29-B724-139544F7DFDB}.Debug|x64.Build.0 = Debug|Any CPU
		{F6D7710D-D117-4F29-B724-139544F7DFDB}.Debug|x86.ActiveCfg = Debug|Any CPU
		{F6D7710D-D117-4F29-B724-139544F7DFDB}.Debug|x86.Build.0 = Debug|Any CPU
		{F6D7710D-D117-4F29-B724-139544F7DFDB}.Release|Any CPU.ActiveCfg = Release|Any CPU
		{F6D7710D-D117-4F29-B724-139544F7DFDB}.Release|Any CPU.Build.0 = Release|Any CPU
		{F6D7710D-D117-4F29-B724-139544F7DFDB}.Release|x64.ActiveCfg = Release|Any CPU
		{F6D7710D-D117-4F29-B724-139544F7DFDB}.Release|x64.Build.0 = Release|Any CPU
		{F6D7710D-D117-4F29-B724-139544F7DFDB}.Release|x86.ActiveCfg = Release|Any CPU
		{F6D7710D-D117-4F29-B724-139544F7DFDB}.Release|x86.Build.0 = Release|Any CPU
		{91963F9D-237C-413F-96CD-38F75117ED4E}.Debug|Any CPU.ActiveCfg = Debug|Any CPU
		{91963F9D-237C-413F-96CD-38F75117ED4E}.Debug|Any CPU.Build.0 = Debug|Any CPU
		{91963F9D-237C-413F-96CD-38F75117ED4E}.Debug|x64.ActiveCfg = Debug|Any CPU
		{91963F9D-237C-413F-96CD-38F75117ED4E}.Debug|x64.Build.0 = Debug|Any CPU
		{91963F9D-237C-413F-96CD-38F75117ED4E}.Debug|x86.ActiveCfg = Debug|Any CPU
		{91963F9D-237C-413F-96CD-38F75117ED4E}.Debug|x86.Build.0 = Debug|Any CPU
		{91963F9D-237C-413F-96CD-38F75117ED4E}.Release|Any CPU.ActiveCfg = Release|Any CPU
		{91963F9D-237C-413F-96CD-38F75117ED4E}.Release|Any CPU.Build.0 = Release|Any CPU
		{91963F9D-237C-413F-96CD-38F75117ED4E}.Release|x64.ActiveCfg = Release|Any CPU
		{91963F9D-237C-413F-96CD-38F75117ED4E}.Release|x64.Build.0 = Release|Any CPU
		{91963F9D-237C-413F-96CD-38F75117ED4E}.Release|x86.ActiveCfg = Release|Any CPU
		{91963F9D-237C-413F-96CD-38F75117ED4E}.Release|x86.Build.0 = Release|Any CPU
	EndGlobalSection
	GlobalSection(SolutionProperties) = preSolution
		HideSolutionNode = FALSE
	EndGlobalSection
	GlobalSection(NestedProjects) = preSolution
		{64A09847-BADE-4FA4-8198-CF50A5B0FA56} = {827E0CD3-B72D-47B6-A68D-7590B98EB39B}
		{D32CE0B9-D611-4BE0-9E93-B9D3F82CF50C} = {827E0CD3-B72D-47B6-A68D-7590B98EB39B}
		{F6D7710D-D117-4F29-B724-139544F7DFDB} = {827E0CD3-B72D-47B6-A68D-7590B98EB39B}
		{91963F9D-237C-413F-96CD-38F75117ED4E} = {827E0CD3-B72D-47B6-A68D-7590B98EB39B}
	EndGlobalSection
	GlobalSection(ExtensibilityGlobals) = postSolution
		SolutionGuid = {ECB7909E-9351-40A3-B88F-E1F85CC10292}
	EndGlobalSection
EndGlobal
